
Microsoft Visual Studio Solution File, Format Version 12.00
# Visual Studio Version 17
VisualStudioVersion = 17.4.33110.190
MinimumVisualStudioVersion = 10.0.40219.1
Project("{FAE04EC0-301F-11D3-BF4B-00C04F79EFBC}") = "Homework1", "Homework1\Homework1.csproj", "{703D0918-2E2D-4A92-B255-6B665B82DEF0}"
EndProject
Project("{FAE04EC0-301F-11D3-BF4B-00C04F79EFBC}") = "Homework11", "Homework11\Homework11.csproj", "{55A5CEFF-DF03-4A51-9A66-EC7704DAC728}"
EndProject
Project("{FAE04EC0-301F-11D3-BF4B-00C04F79EFBC}") = "Homework12", "Homework12\Homework12.csproj", "{DC374625-10CD-4CB3-B539-7F3B10246F52}"
EndProject
Project("{FAE04EC0-301F-11D3-BF4B-00C04F79EFBC}") = "Homework13", "Homework13\Homework13.csproj", "{14AFF8E5-7655-4C49-A01A-08A728E99E6E}"
EndProject
Project("{FAE04EC0-301F-11D3-BF4B-00C04F79EFBC}") = "Homework14", "Homework14\Homework14.csproj", "{C484C5BE-7ABA-413C-BFB1-973F1966D3B4}"
EndProject
Global
	GlobalSection(SolutionConfigurationPlatforms) = preSolution
		Debug|Any CPU = Debug|Any CPU
		Release|Any CPU = Release|Any CPU
	EndGlobalSection
	GlobalSection(ProjectConfigurationPlatforms) = postSolution
		{703D0918-2E2D-4A92-B255-6B665B82DEF0}.Debug|Any CPU.ActiveCfg = Debug|Any CPU
		{703D0918-2E2D-4A92-B255-6B665B82DEF0}.Debug|Any CPU.Build.0 = Debug|Any CPU
		{703D0918-2E2D-4A92-B255-6B665B82DEF0}.Release|Any CPU.ActiveCfg = Release|Any CPU
		{703D0918-2E2D-4A92-B255-6B665B82DEF0}.Release|Any CPU.Build.0 = Release|Any CPU
		{55A5CEFF-DF03-4A51-9A66-EC7704DAC728}.Debug|Any CPU.ActiveCfg = Debug|Any CPU
		{55A5CEFF-DF03-4A51-9A66-EC7704DAC728}.Debug|Any CPU.Build.0 = Debug|Any CPU
		{55A5CEFF-DF03-4A51-9A66-EC7704DAC728}.Release|Any CPU.ActiveCfg = Release|Any CPU
		{55A5CEFF-DF03-4A51-9A66-EC7704DAC728}.Release|Any CPU.Build.0 = Release|Any CPU
		{DC374625-10CD-4CB3-B539-7F3B10246F52}.Debug|Any CPU.ActiveCfg = Debug|Any CPU
		{DC374625-10CD-4CB3-B539-7F3B10246F52}.Debug|Any CPU.Build.0 = Debug|Any CPU
		{DC374625-10CD-4CB3-B539-7F3B10246F52}.Release|Any CPU.ActiveCfg = Release|Any CPU
		{DC374625-10CD-4CB3-B539-7F3B10246F52}.Release|Any CPU.Build.0 = Release|Any CPU
		{14AFF8E5-7655-4C49-A01A-08A728E99E6E}.Debug|Any CPU.ActiveCfg = Debug|Any CPU
		{14AFF8E5-7655-4C49-A01A-08A728E99E6E}.Debug|Any CPU.Build.0 = Debug|Any CPU
		{14AFF8E5-7655-4C49-A01A-08A728E99E6E}.Release|Any CPU.ActiveCfg = Release|Any CPU
		{14AFF8E5-7655-4C49-A01A-08A728E99E6E}.Release|Any CPU.Build.0 = Release|Any CPU
		{C484C5BE-7ABA-413C-BFB1-973F1966D3B4}.Debug|Any CPU.ActiveCfg = Debug|Any CPU
		{C484C5BE-7ABA-413C-BFB1-973F1966D3B4}.Debug|Any CPU.Build.0 = Debug|Any CPU
		{C484C5BE-7ABA-413C-BFB1-973F1966D3B4}.Release|Any CPU.ActiveCfg = Release|Any CPU
		{C484C5BE-7ABA-413C-BFB1-973F1966D3B4}.Release|Any CPU.Build.0 = Release|Any CPU
	EndGlobalSection
	GlobalSection(SolutionProperties) = preSolution
		HideSolutionNode = FALSE
	EndGlobalSection
	GlobalSection(ExtensibilityGlobals) = postSolution
		SolutionGuid = {48C3D9CC-E911-4740-AAD0-A4FE3ECC3660}
	EndGlobalSection
EndGlobal
